
Microsoft Visual Studio Solution File, Format Version 12.00
# Visual Studio Version 17
VisualStudioVersion = 17.14.36518.9 d17.14
MinimumVisualStudioVersion = 10.0.40219.1
Project("{8BC9CEB8-8B4A-11D0-8D11-00A0C91BC942}") = "Problem #39 ---Calculate Remainder After Paying Bill", "Problem #39 ---Calculate Remainder After Paying Bill\Problem #39 ---Calculate Remainder After Paying Bill.vcxproj", "{81AFD284-B298-41B3-AA91-AE8C7EA1A54A}"
EndProject
Global
	GlobalSection(SolutionConfigurationPlatforms) = preSolution
		Debug|x64 = Debug|x64
		Debug|x86 = Debug|x86
		Release|x64 = Release|x64
		Release|x86 = Release|x86
	EndGlobalSection
	GlobalSection(ProjectConfigurationPlatforms) = postSolution
		{81AFD284-B298-41B3-AA91-AE8C7EA1A54A}.Debug|x64.ActiveCfg = Debug|x64
		{81AFD284-B298-41B3-AA91-AE8C7EA1A54A}.Debug|x64.Build.0 = Debug|x64
		{81AFD284-B298-41B3-AA91-AE8C7EA1A54A}.Debug|x86.ActiveCfg = Debug|Win32
		{81AFD284-B298-41B3-AA91-AE8C7EA1A54A}.Debug|x86.Build.0 = Debug|Win32
		{81AFD284-B298-41B3-AA91-AE8C7EA1A54A}.Release|x64.ActiveCfg = Release|x64
		{81AFD284-B298-41B3-AA91-AE8C7EA1A54A}.Release|x64.Build.0 = Release|x64
		{81AFD284-B298-41B3-AA91-AE8C7EA1A54A}.Release|x86.ActiveCfg = Release|Win32
		{81AFD284-B298-41B3-AA91-AE8C7EA1A54A}.Release|x86.Build.0 = Release|Win32
	EndGlobalSection
	GlobalSection(SolutionProperties) = preSolution
		HideSolutionNode = FALSE
	EndGlobalSection
	GlobalSection(ExtensibilityGlobals) = postSolution
		SolutionGuid = {7634B22D-D974-4525-8B9F-0C25E3730D99}
	EndGlobalSection
EndGlobal
