
Microsoft Visual Studio Solution File, Format Version 12.00
# Visual Studio Version 17
VisualStudioVersion = 17.14.36518.9 d17.14
MinimumVisualStudioVersion = 10.0.40219.1
Project("{8BC9CEB8-8B4A-11D0-8D11-00A0C91BC942}") = "Problem #30---Power of 2, 3, and 4", "Problem #30---Power of 2, 3, and 4\Problem #30---Power of 2, 3, and 4.vcxproj", "{B92FC4FB-27EB-46DC-9650-79BCA3C65405}"
EndProject
Global
	GlobalSection(SolutionConfigurationPlatforms) = preSolution
		Debug|x64 = Debug|x64
		Debug|x86 = Debug|x86
		Release|x64 = Release|x64
		Release|x86 = Release|x86
	EndGlobalSection
	GlobalSection(ProjectConfigurationPlatforms) = postSolution
		{B92FC4FB-27EB-46DC-9650-79BCA3C65405}.Debug|x64.ActiveCfg = Debug|x64
		{B92FC4FB-27EB-46DC-9650-79BCA3C65405}.Debug|x64.Build.0 = Debug|x64
		{B92FC4FB-27EB-46DC-9650-79BCA3C65405}.Debug|x86.ActiveCfg = Debug|Win32
		{B92FC4FB-27EB-46DC-9650-79BCA3C65405}.Debug|x86.Build.0 = Debug|Win32
		{B92FC4FB-27EB-46DC-9650-79BCA3C65405}.Release|x64.ActiveCfg = Release|x64
		{B92FC4FB-27EB-46DC-9650-79BCA3C65405}.Release|x64.Build.0 = Release|x64
		{B92FC4FB-27EB-46DC-9650-79BCA3C65405}.Release|x86.ActiveCfg = Release|Win32
		{B92FC4FB-27EB-46DC-9650-79BCA3C65405}.Release|x86.Build.0 = Release|Win32
	EndGlobalSection
	GlobalSection(SolutionProperties) = preSolution
		HideSolutionNode = FALSE
	EndGlobalSection
	GlobalSection(ExtensibilityGlobals) = postSolution
		SolutionGuid = {1AF0253D-CAD3-41F9-948B-171FE9FF5BDC}
	EndGlobalSection
EndGlobal
